
Microsoft Visual Studio Solution File, Format Version 12.00
# Visual Studio 15
VisualStudioVersion = 15.0.27703.2018
MinimumVisualStudioVersion = 10.0.40219.1
Project("{FAE04EC0-301F-11D3-BF4B-00C04F79EFBC}") = "RabbitmqNet", "RabbitmqNet\RabbitmqNet.csproj", "{6319A56C-CB61-47DB-9F09-F8C3B5988DDD}"
EndProject
Global
	GlobalSection(SolutionConfigurationPlatforms) = preSolution
		Debug|Any CPU = Debug|Any CPU
		Release|Any CPU = Release|Any CPU
	EndGlobalSection
	GlobalSection(ProjectConfigurationPlatforms) = postSolution
		{6319A56C-CB61-47DB-9F09-F8C3B5988DDD}.Debug|Any CPU.ActiveCfg = Debug|Any CPU
		{6319A56C-CB61-47DB-9F09-F8C3B5988DDD}.Debug|Any CPU.Build.0 = Debug|Any CPU
		{6319A56C-CB61-47DB-9F09-F8C3B5988DDD}.Release|Any CPU.ActiveCfg = Release|Any CPU
		{6319A56C-CB61-47DB-9F09-F8C3B5988DDD}.Release|Any CPU.Build.0 = Release|Any CPU
	EndGlobalSection
	GlobalSection(SolutionProperties) = preSolution
		HideSolutionNode = FALSE
	EndGlobalSection
	GlobalSection(ExtensibilityGlobals) = postSolution
		SolutionGuid = {D237A52D-5C2F-4FBD-9E9C-B5D7B2462DA6}
	EndGlobalSection
EndGlobal
